{
  "lockfile_version": "1",
  "packages": {
    "convco@0.6.1": {
      "last_modified": "2025-05-06T08:06:31Z",
      "resolved": "github:NixOS/nixpkgs/1cb1c02a6b1b7cf67e3d7731cbbf327a53da9679#convco",
      "source": "devbox-search",
      "version": "0.6.1",
      "systems": {
        "aarch64-darwin": {
          "outputs": [
            {
              "name": "out",
              "path": "/nix/store/ykh0czg1m1j5ldmsi68nhjf4ss3kjjd7-convco-0.6.1",
              "default": true
            }
          ],
          "store_path": "/nix/store/ykh0czg1m1j5ldmsi68nhjf4ss3kjjd7-convco-0.6.1"
        },
        "aarch64-linux": {
          "outputs": [
            {
              "name": "out",
              "path": "/nix/store/d9zs6mbc66rdynkvbbzwn6kk50lr5qpx-convco-0.6.1",
              "default": true
            }
          ],
          "store_path": "/nix/store/d9zs6mbc66rdynkvbbzwn6kk50lr5qpx-convco-0.6.1"
        },
        "x86_64-darwin": {
          "outputs": [
            {
              "name": "out",
              "path": "/nix/store/7smqd55vnjcm6sifd7k0q6ni0p9ljq90-convco-0.6.1",
              "default": true
            }
          ],
          "store_path": "/nix/store/7smqd55vnjcm6sifd7k0q6ni0p9ljq90-convco-0.6.1"
        },
        "x86_64-linux": {
          "outputs": [
            {
              "name": "out",
              "path": "/nix/store/p1l2p79kxzqi0hhcw4lba4bf23vmwsmp-convco-0.6.1",
              "default": true
            }
          ],
          "store_path": "/nix/store/p1l2p79kxzqi0hhcw4lba4bf23vmwsmp-convco-0.6.1"
        }
      }
    },
    "earthly@0.8.15": {
      "last_modified": "2025-05-06T08:06:31Z",
      "resolved": "github:NixOS/nixpkgs/1cb1c02a6b1b7cf67e3d7731cbbf327a53da9679#earthly",
      "source": "devbox-search",
      "version": "0.8.15",
      "systems": {
        "aarch64-darwin": {
          "outputs": [
            {
              "name": "out",
              "path": "/nix/store/8jz4jcyh22p1z6v2kg3608cwbz76i9bj-earthly-0.8.15",
              "default": true
            }
          ],
          "store_path": "/nix/store/8jz4jcyh22p1z6v2kg3608cwbz76i9bj-earthly-0.8.15"
        },
        "aarch64-linux": {
          "outputs": [
            {
              "name": "out",
              "path": "/nix/store/gqc8b91iv1y84bwnz4nj204jfrbrxi5c-earthly-0.8.15",
              "default": true
            }
          ],
          "store_path": "/nix/store/gqc8b91iv1y84bwnz4nj204jfrbrxi5c-earthly-0.8.15"
        },
        "x86_64-darwin": {
          "outputs": [
            {
              "name": "out",
              "path": "/nix/store/d1qcka8j0nj6xpkxx1vb2nn041l76n9p-earthly-0.8.15",
              "default": true
            }
          ],
          "store_path": "/nix/store/d1qcka8j0nj6xpkxx1vb2nn041l76n9p-earthly-0.8.15"
        },
        "x86_64-linux": {
          "outputs": [
            {
              "name": "out",
              "path": "/nix/store/xzdfs2xfh98hf7ss0j7c6pjd8z40i7dm-earthly-0.8.15",
              "default": true
            }
          ],
          "store_path": "/nix/store/xzdfs2xfh98hf7ss0j7c6pjd8z40i7dm-earthly-0.8.15"
        }
      }
    },
    "git@2.49.0": {
      "last_modified": "2025-05-06T08:06:31Z",
      "resolved": "github:NixOS/nixpkgs/1cb1c02a6b1b7cf67e3d7731cbbf327a53da9679#git",
      "source": "devbox-search",
      "version": "2.49.0",
      "systems": {
        "aarch64-darwin": {
          "outputs": [
            {
              "name": "out",
              "path": "/nix/store/s5b9rm8fjxggjak0yl2dkxzswfpzl8p8-git-2.49.0",
              "default": true
            },
            {
              "name": "doc",
              "path": "/nix/store/2hygrabh741w0ynwcb6gy2922cx4fnj3-git-2.49.0-doc"
            }
          ],
          "store_path": "/nix/store/s5b9rm8fjxggjak0yl2dkxzswfpzl8p8-git-2.49.0"
        },
        "aarch64-linux": {
          "outputs": [
            {
              "name": "out",
              "path": "/nix/store/rs24n34brzvcmgld6mgfg0dd7ynv26pp-git-2.49.0",
              "default": true
            },
            {
              "name": "debug",
              "path": "/nix/store/wgki5jsxgg6lxqh98jgbj9dnwv7f68cw-git-2.49.0-debug"
            },
            {
              "name": "doc",
              "path": "/nix/store/3h7fnw0qhy92c8iyrv2i64r6wywsnjsa-git-2.49.0-doc"
            }
          ],
          "store_path": "/nix/store/rs24n34brzvcmgld6mgfg0dd7ynv26pp-git-2.49.0"
        },
        "x86_64-darwin": {
          "outputs": [
            {
              "name": "out",
              "path": "/nix/store/0zv7h6mzrxk0sarvis22imr9nmnmqlpg-git-2.49.0",
              "default": true
            },
            {
              "name": "doc",
              "path": "/nix/store/yiy6g5pi9jvp2nzgd4ncfwbhs13nwwz1-git-2.49.0-doc"
            }
          ],
          "store_path": "/nix/store/0zv7h6mzrxk0sarvis22imr9nmnmqlpg-git-2.49.0"
        },
        "x86_64-linux": {
          "outputs": [
            {
              "name": "out",
              "path": "/nix/store/z8z1mhfnvw40dwljqazxv0343sv5ds2g-git-2.49.0",
              "default": true
            },
            {
              "name": "debug",
              "path": "/nix/store/w547h0xwq9489xnqg1ddqlh1v71xvng8-git-2.49.0-debug"
            },
            {
              "name": "doc",
              "path": "/nix/store/rjjf5h1qcwgdxs9w23h6p0bhavgaknyh-git-2.49.0-doc"
            }
          ],
          "store_path": "/nix/store/z8z1mhfnvw40dwljqazxv0343sv5ds2g-git-2.49.0"
        }
      }
    },
    "jq@latest": {
      "last_modified": "2024-03-29T12:35:36Z",
      "resolved": "github:NixOS/nixpkgs/807c549feabce7eddbf259dbdcec9e0600a0660d#jq",
      "source": "devbox-search",
      "version": "1.7.1",
      "systems": {
        "aarch64-darwin": {
          "outputs": [
            {
              "name": "bin",
              "path": "/nix/store/59r06awlqdsw1fpvwcy2dg65l0g09vdp-jq-1.7.1-bin",
              "default": true
            },
            {
              "name": "man",
              "path": "/nix/store/glava1axlc7qkr875zikn3qncmrlmhvg-jq-1.7.1-man",
              "default": true
            },
            {
              "name": "dev",
              "path": "/nix/store/9zlf0mjahix97izdbr08ay50q4hg1l73-jq-1.7.1-dev"
            },
            {
              "name": "doc",
              "path": "/nix/store/wqwcldk42s8rn5b9h3pjc8836gl2qzng-jq-1.7.1-doc"
            },
            {
              "name": "lib",
              "path": "/nix/store/lsfivvi5k3kikzrbffcz18gcyi6fx2si-jq-1.7.1-lib"
            },
            {
              "name": "out",
              "path": "/nix/store/y1dm44vipw95v8vihc57ia8zz5nnp94b-jq-1.7.1"
            }
          ],
          "store_path": "/nix/store/59r06awlqdsw1fpvwcy2dg65l0g09vdp-jq-1.7.1-bin"
        },
        "aarch64-linux": {
          "outputs": [
            {
              "name": "bin",
              "path": "/nix/store/rajf5f3cf6qmr9jp2mwjikygl7hmfv4a-jq-1.7.1-bin",
              "default": true
            },
            {
              "name": "man",
              "path": "/nix/store/in1cd7zn58cwpb9czaa8wk0qhz1ssdk2-jq-1.7.1-man",
              "default": true
            },
            {
              "name": "out",
              "path": "/nix/store/vwr1r5as7mh5za5rsrf8lcxpf8acvmsk-jq-1.7.1"
            },
            {
              "name": "dev",
              "path": "/nix/store/kjqca4symf704yi1zlgnhbj7njzhwwgd-jq-1.7.1-dev"
            },
            {
              "name": "doc",
              "path": "/nix/store/8ljizkqxmbmp78npap4as8vb7w5snkmk-jq-1.7.1-doc"
            },
            {
              "name": "lib",
              "path": "/nix/store/55mf8kxjcmrsip8ffpn75r3snm65gv0h-jq-1.7.1-lib"
            }
          ],
          "store_path": "/nix/store/rajf5f3cf6qmr9jp2mwjikygl7hmfv4a-jq-1.7.1-bin"
        },
        "x86_64-darwin": {
          "outputs": [
            {
              "name": "bin",
              "path": "/nix/store/szlvc45yfk43b3dmn2ms01cw0yw5cih2-jq-1.7.1-bin",
              "default": true
            },
            {
              "name": "man",
              "path": "/nix/store/9h7zfkrqchgcchlw9yx6ngg1llw22da9-jq-1.7.1-man",
              "default": true
            },
            {
              "name": "dev",
              "path": "/nix/store/5p38yscg4kqk5m08c2p5bni374r1qs5p-jq-1.7.1-dev"
            },
            {
              "name": "doc",
              "path": "/nix/store/gcc7ncsdppac15r45i376907f5320bna-jq-1.7.1-doc"
            },
            {
              "name": "lib",
              "path": "/nix/store/kqbix3pbjq5wjdhw3llbcjiv9kj1cvm2-jq-1.7.1-lib"
            },
            {
              "name": "out",
              "path": "/nix/store/vxssvrpyrm5ci3k030fsnqf01gkprz8x-jq-1.7.1"
            }
          ],
          "store_path": "/nix/store/szlvc45yfk43b3dmn2ms01cw0yw5cih2-jq-1.7.1-bin"
        },
        "x86_64-linux": {
          "outputs": [
            {
              "name": "bin",
              "path": "/nix/store/1kql9l6sh9qwkfac720fl9a2d4lf78r3-jq-1.7.1-bin",
              "default": true
            },
            {
              "name": "man",
              "path": "/nix/store/dy82v8zpcrmkjhlxrq42jccjvnf8ljvr-jq-1.7.1-man",
              "default": true
            },
            {
              "name": "lib",
              "path": "/nix/store/qaggw36kdv2n7k6rivii9ylr8205yaqz-jq-1.7.1-lib"
            },
            {
              "name": "out",
              "path": "/nix/store/bgvg4yihsf8dgwk2g4mfi7k3gfsfxv4c-jq-1.7.1"
            },
            {
              "name": "dev",
              "path": "/nix/store/8i4fdcf8g6c8wmav9kbyvrc6rbip55d6-jq-1.7.1-dev"
            },
            {
              "name": "doc",
              "path": "/nix/store/53fg9kn3ry6m71p1c7ghaci6zygisxfz-jq-1.7.1-doc"
            }
          ],
          "store_path": "/nix/store/1kql9l6sh9qwkfac720fl9a2d4lf78r3-jq-1.7.1-bin"
        }
      }
    },
    "rustup@1.27.1": {
      "last_modified": "2025-05-06T08:06:31Z",
      "plugin_version": "0.0.1",
      "resolved": "github:NixOS/nixpkgs/1cb1c02a6b1b7cf67e3d7731cbbf327a53da9679#rustup",
      "source": "devbox-search",
      "version": "1.27.1",
      "systems": {
        "aarch64-darwin": {
          "outputs": [
            {
              "name": "out",
              "path": "/nix/store/7drfmw0y8b2533qgjn7dffrcn6icnldj-rustup-1.27.1",
              "default": true
            }
          ],
          "store_path": "/nix/store/7drfmw0y8b2533qgjn7dffrcn6icnldj-rustup-1.27.1"
        },
        "aarch64-linux": {
          "outputs": [
            {
              "name": "out",
              "path": "/nix/store/q8yyj6y1hayz657xx2csxnlb1i0g60kg-rustup-1.27.1",
              "default": true
            }
          ],
          "store_path": "/nix/store/q8yyj6y1hayz657xx2csxnlb1i0g60kg-rustup-1.27.1"
        },
        "x86_64-darwin": {
          "outputs": [
            {
              "name": "out",
              "path": "/nix/store/z5scd0g1ypbjnl2j5b2zsm6m6fm1pv3b-rustup-1.27.1",
              "default": true
            }
          ],
          "store_path": "/nix/store/z5scd0g1ypbjnl2j5b2zsm6m6fm1pv3b-rustup-1.27.1"
        },
        "x86_64-linux": {
          "outputs": [
            {
              "name": "out",
              "path": "/nix/store/fdgipbzshck7iqmv06jni83bwvqzdbbf-rustup-1.27.1",
              "default": true
            }
          ],
          "store_path": "/nix/store/fdgipbzshck7iqmv06jni83bwvqzdbbf-rustup-1.27.1"
        }
      }
    }
  }
}
